
Microsoft Visual Studio Solution File, Format Version 12.00
# Visual Studio 15
VisualStudioVersion = 15.0.26124.0
MinimumVisualStudioVersion = 15.0.26124.0
Project("{FAE04EC0-301F-11D3-BF4B-00C04F79EFBC}") = "Desafio_Xenlongao", "Desafio_Xenlongao\Desafio_Xenlongao.csproj", "{C6BC2FB9-8347-4258-A209-96238E9C1C0A}"
EndProject
Project("{FAE04EC0-301F-11D3-BF4B-00C04F79EFBC}") = "Desafio_QuadradoDePares", "Desafio_QuadradoDePares\Desafio_QuadradoDePares.csproj", "{04D9C548-86FE-4486-8989-B564395A0AB9}"
EndProject
Project("{FAE04EC0-301F-11D3-BF4B-00C04F79EFBC}") = "Desafio_SequenciaS", "Desafio_SequenciaS\Desafio_SequenciaS.csproj", "{B647E4A8-49EF-439B-9B2E-42CC5B19E155}"
EndProject
Project("{FAE04EC0-301F-11D3-BF4B-00C04F79EFBC}") = "Desafio_SequenciaIJ2", "Desafio_SequenciaIJ2\Desafio_SequenciaIJ2.csproj", "{91EDB0D3-0322-4B95-B3CD-BE64DC3A436F}"
EndProject
Project("{FAE04EC0-301F-11D3-BF4B-00C04F79EFBC}") = "Desafio_VaiTerCopa", "Desafio_VaiTerCopa\Desafio_VaiTerCopa.csproj", "{232344DC-6D70-46D3-955A-3F2EB2A0A7C6}"
EndProject
Project("{FAE04EC0-301F-11D3-BF4B-00C04F79EFBC}") = "Desafio_SucessorPar", "Desafio_SucessorPar\Desafio_SucessorPar.csproj", "{579B58CD-5CA4-4ED4-A913-F4FB58E2312C}"
EndProject
Global
	GlobalSection(SolutionConfigurationPlatforms) = preSolution
		Debug|Any CPU = Debug|Any CPU
		Debug|x64 = Debug|x64
		Debug|x86 = Debug|x86
		Release|Any CPU = Release|Any CPU
		Release|x64 = Release|x64
		Release|x86 = Release|x86
	EndGlobalSection
	GlobalSection(SolutionProperties) = preSolution
		HideSolutionNode = FALSE
	EndGlobalSection
	GlobalSection(ProjectConfigurationPlatforms) = postSolution
		{C6BC2FB9-8347-4258-A209-96238E9C1C0A}.Debug|Any CPU.ActiveCfg = Debug|Any CPU
		{C6BC2FB9-8347-4258-A209-96238E9C1C0A}.Debug|Any CPU.Build.0 = Debug|Any CPU
		{C6BC2FB9-8347-4258-A209-96238E9C1C0A}.Debug|x64.ActiveCfg = Debug|Any CPU
		{C6BC2FB9-8347-4258-A209-96238E9C1C0A}.Debug|x64.Build.0 = Debug|Any CPU
		{C6BC2FB9-8347-4258-A209-96238E9C1C0A}.Debug|x86.ActiveCfg = Debug|Any CPU
		{C6BC2FB9-8347-4258-A209-96238E9C1C0A}.Debug|x86.Build.0 = Debug|Any CPU
		{C6BC2FB9-8347-4258-A209-96238E9C1C0A}.Release|Any CPU.ActiveCfg = Release|Any CPU
		{C6BC2FB9-8347-4258-A209-96238E9C1C0A}.Release|Any CPU.Build.0 = Release|Any CPU
		{C6BC2FB9-8347-4258-A209-96238E9C1C0A}.Release|x64.ActiveCfg = Release|Any CPU
		{C6BC2FB9-8347-4258-A209-96238E9C1C0A}.Release|x64.Build.0 = Release|Any CPU
		{C6BC2FB9-8347-4258-A209-96238E9C1C0A}.Release|x86.ActiveCfg = Release|Any CPU
		{C6BC2FB9-8347-4258-A209-96238E9C1C0A}.Release|x86.Build.0 = Release|Any CPU
		{04D9C548-86FE-4486-8989-B564395A0AB9}.Debug|Any CPU.ActiveCfg = Debug|Any CPU
		{04D9C548-86FE-4486-8989-B564395A0AB9}.Debug|Any CPU.Build.0 = Debug|Any CPU
		{04D9C548-86FE-4486-8989-B564395A0AB9}.Debug|x64.ActiveCfg = Debug|Any CPU
		{04D9C548-86FE-4486-8989-B564395A0AB9}.Debug|x64.Build.0 = Debug|Any CPU
		{04D9C548-86FE-4486-8989-B564395A0AB9}.Debug|x86.ActiveCfg = Debug|Any CPU
		{04D9C548-86FE-4486-8989-B564395A0AB9}.Debug|x86.Build.0 = Debug|Any CPU
		{04D9C548-86FE-4486-8989-B564395A0AB9}.Release|Any CPU.ActiveCfg = Release|Any CPU
		{04D9C548-86FE-4486-8989-B564395A0AB9}.Release|Any CPU.Build.0 = Release|Any CPU
		{04D9C548-86FE-4486-8989-B564395A0AB9}.Release|x64.ActiveCfg = Release|Any CPU
		{04D9C548-86FE-4486-8989-B564395A0AB9}.Release|x64.Build.0 = Release|Any CPU
		{04D9C548-86FE-4486-8989-B564395A0AB9}.Release|x86.ActiveCfg = Release|Any CPU
		{04D9C548-86FE-4486-8989-B564395A0AB9}.Release|x86.Build.0 = Release|Any CPU
		{B647E4A8-49EF-439B-9B2E-42CC5B19E155}.Debug|Any CPU.ActiveCfg = Debug|Any CPU
		{B647E4A8-49EF-439B-9B2E-42CC5B19E155}.Debug|Any CPU.Build.0 = Debug|Any CPU
		{B647E4A8-49EF-439B-9B2E-42CC5B19E155}.Debug|x64.ActiveCfg = Debug|Any CPU
		{B647E4A8-49EF-439B-9B2E-42CC5B19E155}.Debug|x64.Build.0 = Debug|Any CPU
		{B647E4A8-49EF-439B-9B2E-42CC5B19E155}.Debug|x86.ActiveCfg = Debug|Any CPU
		{B647E4A8-49EF-439B-9B2E-42CC5B19E155}.Debug|x86.Build.0 = Debug|Any CPU
		{B647E4A8-49EF-439B-9B2E-42CC5B19E155}.Release|Any CPU.ActiveCfg = Release|Any CPU
		{B647E4A8-49EF-439B-9B2E-42CC5B19E155}.Release|Any CPU.Build.0 = Release|Any CPU
		{B647E4A8-49EF-439B-9B2E-42CC5B19E155}.Release|x64.ActiveCfg = Release|Any CPU
		{B647E4A8-49EF-439B-9B2E-42CC5B19E155}.Release|x64.Build.0 = Release|Any CPU
		{B647E4A8-49EF-439B-9B2E-42CC5B19E155}.Release|x86.ActiveCfg = Release|Any CPU
		{B647E4A8-49EF-439B-9B2E-42CC5B19E155}.Release|x86.Build.0 = Release|Any CPU
		{91EDB0D3-0322-4B95-B3CD-BE64DC3A436F}.Debug|Any CPU.ActiveCfg = Debug|Any CPU
		{91EDB0D3-0322-4B95-B3CD-BE64DC3A436F}.Debug|Any CPU.Build.0 = Debug|Any CPU
		{91EDB0D3-0322-4B95-B3CD-BE64DC3A436F}.Debug|x64.ActiveCfg = Debug|Any CPU
		{91EDB0D3-0322-4B95-B3CD-BE64DC3A436F}.Debug|x64.Build.0 = Debug|Any CPU
		{91EDB0D3-0322-4B95-B3CD-BE64DC3A436F}.Debug|x86.ActiveCfg = Debug|Any CPU
		{91EDB0D3-0322-4B95-B3CD-BE64DC3A436F}.Debug|x86.Build.0 = Debug|Any CPU
		{91EDB0D3-0322-4B95-B3CD-BE64DC3A436F}.Release|Any CPU.ActiveCfg = Release|Any CPU
		{91EDB0D3-0322-4B95-B3CD-BE64DC3A436F}.Release|Any CPU.Build.0 = Release|Any CPU
		{91EDB0D3-0322-4B95-B3CD-BE64DC3A436F}.Release|x64.ActiveCfg = Release|Any CPU
		{91EDB0D3-0322-4B95-B3CD-BE64DC3A436F}.Release|x64.Build.0 = Release|Any CPU
		{91EDB0D3-0322-4B95-B3CD-BE64DC3A436F}.Release|x86.ActiveCfg = Release|Any CPU
		{91EDB0D3-0322-4B95-B3CD-BE64DC3A436F}.Release|x86.Build.0 = Release|Any CPU
		{232344DC-6D70-46D3-955A-3F2EB2A0A7C6}.Debug|Any CPU.ActiveCfg = Debug|Any CPU
		{232344DC-6D70-46D3-955A-3F2EB2A0A7C6}.Debug|Any CPU.Build.0 = Debug|Any CPU
		{232344DC-6D70-46D3-955A-3F2EB2A0A7C6}.Debug|x64.ActiveCfg = Debug|Any CPU
		{232344DC-6D70-46D3-955A-3F2EB2A0A7C6}.Debug|x64.Build.0 = Debug|Any CPU
		{232344DC-6D70-46D3-955A-3F2EB2A0A7C6}.Debug|x86.ActiveCfg = Debug|Any CPU
		{232344DC-6D70-46D3-955A-3F2EB2A0A7C6}.Debug|x86.Build.0 = Debug|Any CPU
		{232344DC-6D70-46D3-955A-3F2EB2A0A7C6}.Release|Any CPU.ActiveCfg = Release|Any CPU
		{232344DC-6D70-46D3-955A-3F2EB2A0A7C6}.Release|Any CPU.Build.0 = Release|Any CPU
		{232344DC-6D70-46D3-955A-3F2EB2A0A7C6}.Release|x64.ActiveCfg = Release|Any CPU
		{232344DC-6D70-46D3-955A-3F2EB2A0A7C6}.Release|x64.Build.0 = Release|Any CPU
		{232344DC-6D70-46D3-955A-3F2EB2A0A7C6}.Release|x86.ActiveCfg = Release|Any CPU
		{232344DC-6D70-46D3-955A-3F2EB2A0A7C6}.Release|x86.Build.0 = Release|Any CPU
		{579B58CD-5CA4-4ED4-A913-F4FB58E2312C}.Debug|Any CPU.ActiveCfg = Debug|Any CPU
		{579B58CD-5CA4-4ED4-A913-F4FB58E2312C}.Debug|Any CPU.Build.0 = Debug|Any CPU
		{579B58CD-5CA4-4ED4-A913-F4FB58E2312C}.Debug|x64.ActiveCfg = Debug|Any CPU
		{579B58CD-5CA4-4ED4-A913-F4FB58E2312C}.Debug|x64.Build.0 = Debug|Any CPU
		{579B58CD-5CA4-4ED4-A913-F4FB58E2312C}.Debug|x86.ActiveCfg = Debug|Any CPU
		{579B58CD-5CA4-4ED4-A913-F4FB58E2312C}.Debug|x86.Build.0 = Debug|Any CPU
		{579B58CD-5CA4-4ED4-A913-F4FB58E2312C}.Release|Any CPU.ActiveCfg = Release|Any CPU
		{579B58CD-5CA4-4ED4-A913-F4FB58E2312C}.Release|Any CPU.Build.0 = Release|Any CPU
		{579B58CD-5CA4-4ED4-A913-F4FB58E2312C}.Release|x64.ActiveCfg = Release|Any CPU
		{579B58CD-5CA4-4ED4-A913-F4FB58E2312C}.Release|x64.Build.0 = Release|Any CPU
		{579B58CD-5CA4-4ED4-A913-F4FB58E2312C}.Release|x86.ActiveCfg = Release|Any CPU
		{579B58CD-5CA4-4ED4-A913-F4FB58E2312C}.Release|x86.Build.0 = Release|Any CPU
	EndGlobalSection
EndGlobal
